
Microsoft Visual Studio Solution File, Format Version 12.00
# Visual Studio Version 17
VisualStudioVersion = 17.14.36908.2 d17.14
MinimumVisualStudioVersion = 10.0.40219.1
Project("{FAE04EC0-301F-11D3-BF4B-00C04F79EFBC}") = "Taipu", "Taipu\Taipu.csproj", "{1D018162-5C89-46DE-BE0A-4BC6D63E9370}"
EndProject
Global
	GlobalSection(SolutionConfigurationPlatforms) = preSolution
		Debug|Any CPU = Debug|Any CPU
		Release|Any CPU = Release|Any CPU
	EndGlobalSection
	GlobalSection(ProjectConfigurationPlatforms) = postSolution
		{1D018162-5C89-46DE-BE0A-4BC6D63E9370}.Debug|Any CPU.ActiveCfg = Debug|Any CPU
		{1D018162-5C89-46DE-BE0A-4BC6D63E9370}.Debug|Any CPU.Build.0 = Debug|Any CPU
		{1D018162-5C89-46DE-BE0A-4BC6D63E9370}.Release|Any CPU.ActiveCfg = Release|Any CPU
		{1D018162-5C89-46DE-BE0A-4BC6D63E9370}.Release|Any CPU.Build.0 = Release|Any CPU
	EndGlobalSection
	GlobalSection(SolutionProperties) = preSolution
		HideSolutionNode = FALSE
	EndGlobalSection
	GlobalSection(ExtensibilityGlobals) = postSolution
		SolutionGuid = {1BF9E29A-7FC2-4108-A6C1-E7B6D87D15A6}
	EndGlobalSection
EndGlobal
